
Microsoft Visual Studio Solution File, Format Version 12.00
# Visual Studio Version 17
VisualStudioVersion = 17.0.31903.59
MinimumVisualStudioVersion = 10.0.40219.1
Project("{FAE04EC0-301F-11D3-BF4B-00C04F79EFBC}") = "Postbank.Domain", "Postbank.Domain\Postbank.Domain.csproj", "{FDCC2D3C-65E8-49EA-B1BA-9F0D3C77C4A9}"
EndProject
Project("{FAE04EC0-301F-11D3-BF4B-00C04F79EFBC}") = "Postbank.Infrastructure", "Postbank.Infrastructure\Postbank.Infrastructure.csproj", "{C4031F5C-A132-4CE2-A134-D0E0BF6D8ECE}"
EndProject
Project("{FAE04EC0-301F-11D3-BF4B-00C04F79EFBC}") = "Postbank.API", "Postbank.API\Postbank.API.csproj", "{966AFEAF-A75D-4553-B866-87F47DD58AEB}"
EndProject
Project("{FAE04EC0-301F-11D3-BF4B-00C04F79EFBC}") = "Postbank.Web", "Postbank.Web\Postbank.Web.csproj", "{01FDF3B6-1A4C-4F63-AD46-E6060EA3007B}"
EndProject
Project("{FAE04EC0-301F-11D3-BF4B-00C04F79EFBC}") = "Postbank.Application", "Postbank.Application\Postbank.Application.csproj", "{C35EA0EA-E307-4BBD-9E3A-0D7697F6C8DD}"
EndProject
Global
	GlobalSection(SolutionConfigurationPlatforms) = preSolution
		Debug|Any CPU = Debug|Any CPU
		Release|Any CPU = Release|Any CPU
	EndGlobalSection
	GlobalSection(ProjectConfigurationPlatforms) = postSolution
		{FDCC2D3C-65E8-49EA-B1BA-9F0D3C77C4A9}.Debug|Any CPU.ActiveCfg = Debug|Any CPU
		{FDCC2D3C-65E8-49EA-B1BA-9F0D3C77C4A9}.Debug|Any CPU.Build.0 = Debug|Any CPU
		{FDCC2D3C-65E8-49EA-B1BA-9F0D3C77C4A9}.Release|Any CPU.ActiveCfg = Release|Any CPU
		{FDCC2D3C-65E8-49EA-B1BA-9F0D3C77C4A9}.Release|Any CPU.Build.0 = Release|Any CPU
		{C4031F5C-A132-4CE2-A134-D0E0BF6D8ECE}.Debug|Any CPU.ActiveCfg = Debug|Any CPU
		{C4031F5C-A132-4CE2-A134-D0E0BF6D8ECE}.Debug|Any CPU.Build.0 = Debug|Any CPU
		{C4031F5C-A132-4CE2-A134-D0E0BF6D8ECE}.Release|Any CPU.ActiveCfg = Release|Any CPU
		{C4031F5C-A132-4CE2-A134-D0E0BF6D8ECE}.Release|Any CPU.Build.0 = Release|Any CPU
		{966AFEAF-A75D-4553-B866-87F47DD58AEB}.Debug|Any CPU.ActiveCfg = Debug|Any CPU
		{966AFEAF-A75D-4553-B866-87F47DD58AEB}.Debug|Any CPU.Build.0 = Debug|Any CPU
		{966AFEAF-A75D-4553-B866-87F47DD58AEB}.Release|Any CPU.ActiveCfg = Release|Any CPU
		{966AFEAF-A75D-4553-B866-87F47DD58AEB}.Release|Any CPU.Build.0 = Release|Any CPU
		{01FDF3B6-1A4C-4F63-AD46-E6060EA3007B}.Debug|Any CPU.ActiveCfg = Debug|Any CPU
		{01FDF3B6-1A4C-4F63-AD46-E6060EA3007B}.Debug|Any CPU.Build.0 = Debug|Any CPU
		{01FDF3B6-1A4C-4F63-AD46-E6060EA3007B}.Release|Any CPU.ActiveCfg = Release|Any CPU
		{01FDF3B6-1A4C-4F63-AD46-E6060EA3007B}.Release|Any CPU.Build.0 = Release|Any CPU
		{C35EA0EA-E307-4BBD-9E3A-0D7697F6C8DD}.Debug|Any CPU.ActiveCfg = Debug|Any CPU
		{C35EA0EA-E307-4BBD-9E3A-0D7697F6C8DD}.Debug|Any CPU.Build.0 = Debug|Any CPU
		{C35EA0EA-E307-4BBD-9E3A-0D7697F6C8DD}.Release|Any CPU.ActiveCfg = Release|Any CPU
		{C35EA0EA-E307-4BBD-9E3A-0D7697F6C8DD}.Release|Any CPU.Build.0 = Release|Any CPU
	EndGlobalSection
	GlobalSection(SolutionProperties) = preSolution
		HideSolutionNode = FALSE
	EndGlobalSection
	GlobalSection(ExtensibilityGlobals) = postSolution
		SolutionGuid = {5220B9ED-1742-4A97-A53D-D70C6B495A15}
	EndGlobalSection
EndGlobal
